
Microsoft Visual Studio Solution File, Format Version 12.00
# Visual Studio Version 17
VisualStudioVersion = 17.11.35222.181
MinimumVisualStudioVersion = 10.0.40219.1
Project("{9A19103F-16F7-4668-BE54-9A1E7A4F7556}") = "VirocGanpati", "VirocGanpati.csproj", "{7E18A38A-6540-4768-B4A6-237BFECE669E}"
EndProject
Global
	GlobalSection(SolutionConfigurationPlatforms) = preSolution
		Debug|Any CPU = Debug|Any CPU
		Release|Any CPU = Release|Any CPU
	EndGlobalSection
	GlobalSection(ProjectConfigurationPlatforms) = postSolution
		{7E18A38A-6540-4768-B4A6-237BFECE669E}.Debug|Any CPU.ActiveCfg = Debug|Any CPU
		{7E18A38A-6540-4768-B4A6-237BFECE669E}.Debug|Any CPU.Build.0 = Debug|Any CPU
		{7E18A38A-6540-4768-B4A6-237BFECE669E}.Release|Any CPU.ActiveCfg = Release|Any CPU
		{7E18A38A-6540-4768-B4A6-237BFECE669E}.Release|Any CPU.Build.0 = Release|Any CPU
	EndGlobalSection
	GlobalSection(SolutionProperties) = preSolution
		HideSolutionNode = FALSE
	EndGlobalSection
	GlobalSection(ExtensibilityGlobals) = postSolution
		SolutionGuid = {FD414336-B112-4CC0-A603-583873F151B4}
	EndGlobalSection
EndGlobal
